
Microsoft Visual Studio Solution File, Format Version 12.00
# Visual Studio 15
VisualStudioVersion = 15.0.27130.2027
MinimumVisualStudioVersion = 10.0.40219.1
Project("{FAE04EC0-301F-11D3-BF4B-00C04F79EFBC}") = "CityModel", "CityModel\CityModel.csproj", "{477ABCD5-EDC3-426A-8F5B-3DDB9932FB91}"
EndProject
Project("{8BC9CEB8-8B4A-11D0-8D11-00A0C91BC942}") = "opennurbs_public_staticlib", "opennurbs\opennurbs_public_staticlib.vcxproj", "{23288C65-E3EB-4D09-A648-22E1636EB40F}"
EndProject
Global
	GlobalSection(SolutionConfigurationPlatforms) = preSolution
		Debug|Any CPU = Debug|Any CPU
		Debug|ARM = Debug|ARM
		Debug|x64 = Debug|x64
		Debug|x86 = Debug|x86
		Release|Any CPU = Release|Any CPU
		Release|ARM = Release|ARM
		Release|x64 = Release|x64
		Release|x86 = Release|x86
	EndGlobalSection
	GlobalSection(ProjectConfigurationPlatforms) = postSolution
		{477ABCD5-EDC3-426A-8F5B-3DDB9932FB91}.Debug|Any CPU.ActiveCfg = Debug|Any CPU
		{477ABCD5-EDC3-426A-8F5B-3DDB9932FB91}.Debug|Any CPU.Build.0 = Debug|Any CPU
		{477ABCD5-EDC3-426A-8F5B-3DDB9932FB91}.Debug|ARM.ActiveCfg = Debug|Any CPU
		{477ABCD5-EDC3-426A-8F5B-3DDB9932FB91}.Debug|ARM.Build.0 = Debug|Any CPU
		{477ABCD5-EDC3-426A-8F5B-3DDB9932FB91}.Debug|x64.ActiveCfg = Debug|Any CPU
		{477ABCD5-EDC3-426A-8F5B-3DDB9932FB91}.Debug|x64.Build.0 = Debug|Any CPU
		{477ABCD5-EDC3-426A-8F5B-3DDB9932FB91}.Debug|x86.ActiveCfg = Debug|Any CPU
		{477ABCD5-EDC3-426A-8F5B-3DDB9932FB91}.Debug|x86.Build.0 = Debug|Any CPU
		{477ABCD5-EDC3-426A-8F5B-3DDB9932FB91}.Release|Any CPU.ActiveCfg = Release|Any CPU
		{477ABCD5-EDC3-426A-8F5B-3DDB9932FB91}.Release|Any CPU.Build.0 = Release|Any CPU
		{477ABCD5-EDC3-426A-8F5B-3DDB9932FB91}.Release|ARM.ActiveCfg = Release|Any CPU
		{477ABCD5-EDC3-426A-8F5B-3DDB9932FB91}.Release|ARM.Build.0 = Release|Any CPU
		{477ABCD5-EDC3-426A-8F5B-3DDB9932FB91}.Release|x64.ActiveCfg = Release|Any CPU
		{477ABCD5-EDC3-426A-8F5B-3DDB9932FB91}.Release|x64.Build.0 = Release|Any CPU
		{477ABCD5-EDC3-426A-8F5B-3DDB9932FB91}.Release|x86.ActiveCfg = Release|Any CPU
		{477ABCD5-EDC3-426A-8F5B-3DDB9932FB91}.Release|x86.Build.0 = Release|Any CPU
		{23288C65-E3EB-4D09-A648-22E1636EB40F}.Debug|Any CPU.ActiveCfg = Debug|Win32
		{23288C65-E3EB-4D09-A648-22E1636EB40F}.Debug|ARM.ActiveCfg = Debug|Win32
		{23288C65-E3EB-4D09-A648-22E1636EB40F}.Debug|x64.ActiveCfg = Debug|x64
		{23288C65-E3EB-4D09-A648-22E1636EB40F}.Debug|x64.Build.0 = Debug|x64
		{23288C65-E3EB-4D09-A648-22E1636EB40F}.Debug|x86.ActiveCfg = Debug|Win32
		{23288C65-E3EB-4D09-A648-22E1636EB40F}.Debug|x86.Build.0 = Debug|Win32
		{23288C65-E3EB-4D09-A648-22E1636EB40F}.Release|Any CPU.ActiveCfg = Release|Win32
		{23288C65-E3EB-4D09-A648-22E1636EB40F}.Release|ARM.ActiveCfg = Release|Win32
		{23288C65-E3EB-4D09-A648-22E1636EB40F}.Release|x64.ActiveCfg = Release|x64
		{23288C65-E3EB-4D09-A648-22E1636EB40F}.Release|x64.Build.0 = Release|x64
		{23288C65-E3EB-4D09-A648-22E1636EB40F}.Release|x86.ActiveCfg = Release|Win32
		{23288C65-E3EB-4D09-A648-22E1636EB40F}.Release|x86.Build.0 = Release|Win32
	EndGlobalSection
	GlobalSection(SolutionProperties) = preSolution
		HideSolutionNode = FALSE
	EndGlobalSection
	GlobalSection(ExtensibilityGlobals) = postSolution
		SolutionGuid = {00B9498F-8A12-4875-859E-E8C598C8E607}
	EndGlobalSection
EndGlobal
